// !$*UTF8*$!
{
	archiveVersion = 1;
	classes = {
	};
	objectVersion = 46;
	objects = {

/* Begin PBXBuildFile section */
		077A88C01ADEABB20013FC28 /* Jogador.swift in Sources */ = {isa = PBXBuildFile; fileRef = 077A88BF1ADEABB20013FC28 /* Jogador.swift */; };
		077A88C21ADEAD320013FC28 /* GameScreen.swift in Sources */ = {isa = PBXBuildFile; fileRef = 077A88C11ADEAD320013FC28 /* GameScreen.swift */; };
		6FFFA1501ADD4FDE003283F9 /* AppDelegate.swift in Sources */ = {isa = PBXBuildFile; fileRef = 6FFFA14F1ADD4FDE003283F9 /* AppDelegate.swift */; };
		6FFFA1521ADD4FDE003283F9 /* RootViewController.swift in Sources */ = {isa = PBXBuildFile; fileRef = 6FFFA1511ADD4FDE003283F9 /* RootViewController.swift */; };
		6FFFA1541ADD4FDE003283F9 /* DataViewController.swift in Sources */ = {isa = PBXBuildFile; fileRef = 6FFFA1531ADD4FDE003283F9 /* DataViewController.swift */; };
		6FFFA1561ADD4FDE003283F9 /* ModelController.swift in Sources */ = {isa = PBXBuildFile; fileRef = 6FFFA1551ADD4FDE003283F9 /* ModelController.swift */; };
		6FFFA1591ADD4FDE003283F9 /* Main.storyboard in Resources */ = {isa = PBXBuildFile; fileRef = 6FFFA1571ADD4FDE003283F9 /* Main.storyboard */; };
		6FFFA15B1ADD4FDE003283F9 /* Images.xcassets in Resources */ = {isa = PBXBuildFile; fileRef = 6FFFA15A1ADD4FDE003283F9 /* Images.xcassets */; };
		6FFFA15E1ADD4FDE003283F9 /* LaunchScreen.xib in Resources */ = {isa = PBXBuildFile; fileRef = 6FFFA15C1ADD4FDE003283F9 /* LaunchScreen.xib */; };
		6FFFA16A1ADD4FDE003283F9 /* CidadeDormeTests.swift in Sources */ = {isa = PBXBuildFile; fileRef = 6FFFA1691ADD4FDE003283F9 /* CidadeDormeTests.swift */; };
/* End PBXBuildFile section */

/* Begin PBXContainerItemProxy section */
		6FFFA1641ADD4FDE003283F9 /* PBXContainerItemProxy */ = {
			isa = PBXContainerItemProxy;
			containerPortal = 6FFFA1421ADD4FDE003283F9 /* Project object */;
			proxyType = 1;
			remoteGlobalIDString = 6FFFA1491ADD4FDE003283F9;
			remoteInfo = CidadeDorme;
		};
/* End PBXContainerItemProxy section */

/* Begin PBXFileReference section */
		077A88BF1ADEABB20013FC28 /* Jogador.swift */ = {isa = PBXFileReference; fileEncoding = 4; lastKnownFileType = sourcecode.swift; path = Jogador.swift; sourceTree = "<group>"; };
		077A88C11ADEAD320013FC28 /* GameScreen.swift */ = {isa = PBXFileReference; fileEncoding = 4; lastKnownFileType = sourcecode.swift; path = GameScreen.swift; sourceTree = "<group>"; };
		6FFFA14A1ADD4FDE003283F9 /* CidadeDorme.app */ = {isa = PBXFileReference; explicitFileType = wrapper.application; includeInIndex = 0; path = CidadeDorme.app; sourceTree = BUILT_PRODUCTS_DIR; };
		6FFFA14E1ADD4FDE003283F9 /* Info.plist */ = {isa = PBXFileReference; lastKnownFileType = text.plist.xml; path = Info.plist; sourceTree = "<group>"; };
		6FFFA14F1ADD4FDE003283F9 /* AppDelegate.swift */ = {isa = PBXFileReference; lastKnownFileType = sourcecode.swift; path = AppDelegate.swift; sourceTree = "<group>"; };
		6FFFA1511ADD4FDE003283F9 /* RootViewController.swift */ = {isa = PBXFileReference; lastKnownFileType = sourcecode.swift; path = RootViewController.swift; sourceTree = "<group>"; };
		6FFFA1531ADD4FDE003283F9 /* DataViewController.swift */ = {isa = PBXFileReference; lastKnownFileType = sourcecode.swift; path = DataViewController.swift; sourceTree = "<group>"; };
		6FFFA1551ADD4FDE003283F9 /* ModelController.swift */ = {isa = PBXFileReference; lastKnownFileType = sourcecode.swift; path = ModelController.swift; sourceTree = "<group>"; };
		6FFFA1581ADD4FDE003283F9 /* Base */ = {isa = PBXFileReference; lastKnownFileType = file.storyboard; name = Base; path = Base.lproj/Main.storyboard; sourceTree = "<group>"; };
		6FFFA15A1ADD4FDE003283F9 /* Images.xcassets */ = {isa = PBXFileReference; lastKnownFileType = folder.assetcatalog; path = Images.xcassets; sourceTree = "<group>"; };
		6FFFA15D1ADD4FDE003283F9 /* Base */ = {isa = PBXFileReference; lastKnownFileType = file.xib; name = Base; path = Base.lproj/LaunchScreen.xib; sourceTree = "<group>"; };
		6FFFA1631ADD4FDE003283F9 /* CidadeDormeTests.xctest */ = {isa = PBXFileReference; explicitFileType = wrapper.cfbundle; includeInIndex = 0; path = CidadeDormeTests.xctest; sourceTree = BUILT_PRODUCTS_DIR; };
		6FFFA1681ADD4FDE003283F9 /* Info.plist */ = {isa = PBXFileReference; lastKnownFileType = text.plist.xml; path = Info.plist; sourceTree = "<group>"; };
		6FFFA1691ADD4FDE003283F9 /* CidadeDormeTests.swift */ = {isa = PBXFileReference; lastKnownFileType = sourcecode.swift; path = CidadeDormeTests.swift; sourceTree = "<group>"; };
/* End PBXFileReference section */

/* Begin PBXFrameworksBuildPhase section */
		6FFFA1471ADD4FDE003283F9 /* Frameworks */ = {
			isa = PBXFrameworksBuildPhase;
			buildActionMask = 2147483647;
			files = (
			);
			runOnlyForDeploymentPostprocessing = 0;
		};
		6FFFA1601ADD4FDE003283F9 /* Frameworks */ = {
			isa = PBXFrameworksBuildPhase;
			buildActionMask = 2147483647;
			files = (
			);
			runOnlyForDeploymentPostprocessing = 0;
		};
/* End PBXFrameworksBuildPhase section */

/* Begin PBXGroup section */
		6FFFA1411ADD4FDE003283F9 = {
			isa = PBXGroup;
			children = (
				6FFFA14C1ADD4FDE003283F9 /* CidadeDorme */,
				6FFFA1661ADD4FDE003283F9 /* CidadeDormeTests */,
				6FFFA14B1ADD4FDE003283F9 /* Products */,
			);
			sourceTree = "<group>";
		};
		6FFFA14B1ADD4FDE003283F9 /* Products */ = {
			isa = PBXGroup;
			children = (
				6FFFA14A1ADD4FDE003283F9 /* CidadeDorme.app */,
				6FFFA1631ADD4FDE003283F9 /* CidadeDormeTests.xctest */,
			);
			name = Products;
			sourceTree = "<group>";
		};
		6FFFA14C1ADD4FDE003283F9 /* CidadeDorme */ = {
			isa = PBXGroup;
			children = (
				6FFFA1731ADECC8A003283F9 /* Model */,
				6FFFA1751ADECCD0003283F9 /* Controler */,
				6FFFA1741ADECCAA003283F9 /* View */,
				6FFFA14D1ADD4FDE003283F9 /* Supporting Files */,
			);
			path = CidadeDorme;
			sourceTree = "<group>";
		};
		6FFFA14D1ADD4FDE003283F9 /* Supporting Files */ = {
			isa = PBXGroup;
			children = (
				6FFFA14E1ADD4FDE003283F9 /* Info.plist */,
			);
			name = "Supporting Files";
			sourceTree = "<group>";
		};
		6FFFA1661ADD4FDE003283F9 /* CidadeDormeTests */ = {
			isa = PBXGroup;
			children = (
				6FFFA1691ADD4FDE003283F9 /* CidadeDormeTests.swift */,
				6FFFA1671ADD4FDE003283F9 /* Supporting Files */,
			);
			path = CidadeDormeTests;
			sourceTree = "<group>";
		};
		6FFFA1671ADD4FDE003283F9 /* Supporting Files */ = {
			isa = PBXGroup;
			children = (
				6FFFA1681ADD4FDE003283F9 /* Info.plist */,
			);
			name = "Supporting Files";
			sourceTree = "<group>";
		};
		6FFFA1731ADECC8A003283F9 /* Model */ = {
			isa = PBXGroup;
			children = (
				077A88C11ADEAD320013FC28 /* GameScreen.swift */,
				077A88BF1ADEABB20013FC28 /* Jogador.swift */,
			);
			name = Model;
			sourceTree = "<group>";
		};
		6FFFA1741ADECCAA003283F9 /* View */ = {
			isa = PBXGroup;
			children = (
				6FFFA1571ADD4FDE003283F9 /* Main.storyboard */,
				6FFFA15C1ADD4FDE003283F9 /* LaunchScreen.xib */,
				6FFFA15A1ADD4FDE003283F9 /* Images.xcassets */,
			);
			name = View;
			sourceTree = "<group>";
		};
		6FFFA1751ADECCD0003283F9 /* Controler */ = {
			isa = PBXGroup;
			children = (
				6FFFA14F1ADD4FDE003283F9 /* AppDelegate.swift */,
				6FFFA1511ADD4FDE003283F9 /* RootViewController.swift */,
				6FFFA1531ADD4FDE003283F9 /* DataViewController.swift */,
				6FFFA1551ADD4FDE003283F9 /* ModelController.swift */,
			);
			name = Controler;
			sourceTree = "<group>";
		};
/* End PBXGroup section */

/* Begin PBXNativeTarget section */
		6FFFA1491ADD4FDE003283F9 /* CidadeDorme */ = {
			isa = PBXNativeTarget;
			buildConfigurationList = 6FFFA16D1ADD4FDE003283F9 /* Build configuration list for PBXNativeTarget "CidadeDorme" */;
			buildPhases = (
				6FFFA1461ADD4FDE003283F9 /* Sources */,
				6FFFA1471ADD4FDE003283F9 /* Frameworks */,
				6FFFA1481ADD4FDE003283F9 /* Resources */,
			);
			buildRules = (
			);
			dependencies = (
			);
			name = CidadeDorme;
			productName = CidadeDorme;
			productReference = 6FFFA14A1ADD4FDE003283F9 /* CidadeDorme.app */;
			productType = "com.apple.product-type.application";
		};
		6FFFA1621ADD4FDE003283F9 /* CidadeDormeTests */ = {
			isa = PBXNativeTarget;
			buildConfigurationList = 6FFFA1701ADD4FDE003283F9 /* Build configuration list for PBXNativeTarget "CidadeDormeTests" */;
			buildPhases = (
				6FFFA15F1ADD4FDE003283F9 /* Sources */,
				6FFFA1601ADD4FDE003283F9 /* Frameworks */,
				6FFFA1611ADD4FDE003283F9 /* Resources */,
			);
			buildRules = (
			);
			dependencies = (
				6FFFA1651ADD4FDE003283F9 /* PBXTargetDependency */,
			);
			name = CidadeDormeTests;
			productName = CidadeDormeTests;
			productReference = 6FFFA1631ADD4FDE003283F9 /* CidadeDormeTests.xctest */;
			productType = "com.apple.product-type.bundle.unit-test";
		};
/* End PBXNativeTarget section */

/* Begin PBXProject section */
		6FFFA1421ADD4FDE003283F9 /* Project object */ = {
			isa = PBXProject;
			attributes = {
				LastUpgradeCheck = 0630;
				ORGANIZATIONNAME = LazyFox;
				TargetAttributes = {
					6FFFA1491ADD4FDE003283F9 = {
						CreatedOnToolsVersion = 6.3;
					};
					6FFFA1621ADD4FDE003283F9 = {
						CreatedOnToolsVersion = 6.3;
						TestTargetID = 6FFFA1491ADD4FDE003283F9;
					};
				};
			};
			buildConfigurationList = 6FFFA1451ADD4FDE003283F9 /* Build configuration list for PBXProject "CidadeDorme" */;
			compatibilityVersion = "Xcode 3.2";
			developmentRegion = English;
			hasScannedForEncodings = 0;
			knownRegions = (
				en,
				Base,
			);
			mainGroup = 6FFFA1411ADD4FDE003283F9;
			productRefGroup = 6FFFA14B1ADD4FDE003283F9 /* Products */;
			projectDirPath = "";
			projectRoot = "";
			targets = (
				6FFFA1491ADD4FDE003283F9 /* CidadeDorme */,
				6FFFA1621ADD4FDE003283F9 /* CidadeDormeTests */,
			);
		};
/* End PBXProject section */

/* Begin PBXResourcesBuildPhase section */
		6FFFA1481ADD4FDE003283F9 /* Resources */ = {
			isa = PBXResourcesBuildPhase;
			buildActionMask = 2147483647;
			files = (
				6FFFA1591ADD4FDE003283F9 /* Main.storyboard in Resources */,
				6FFFA15E1ADD4FDE003283F9 /* LaunchScreen.xib in Resources */,
				6FFFA15B1ADD4FDE003283F9 /* Images.xcassets in Resources */,
			);
			runOnlyForDeploymentPostprocessing = 0;
		};
		6FFFA1611ADD4FDE003283F9 /* Resources */ = {
			isa = PBXResourcesBuildPhase;
			buildActionMask = 2147483647;
			files = (
			);
			runOnlyForDeploymentPostprocessing = 0;
		};
/* End PBXResourcesBuildPhase section */

/* Begin PBXSourcesBuildPhase section */
		6FFFA1461ADD4FDE003283F9 /* Sources */ = {
			isa = PBXSourcesBuildPhase;
			buildActionMask = 2147483647;
			files = (
				6FFFA1521ADD4FDE003283F9 /* RootViewController.swift in Sources */,
				077A88C21ADEAD320013FC28 /* GameScreen.swift in Sources */,
				6FFFA1561ADD4FDE003283F9 /* ModelController.swift in Sources */,
				077A88C01ADEABB20013FC28 /* Jogador.swift in Sources */,
				6FFFA1541ADD4FDE003283F9 /* DataViewController.swift in Sources */,
				6FFFA1501ADD4FDE003283F9 /* AppDelegate.swift in Sources */,
			);
			runOnlyForDeploymentPostprocessing = 0;
		};
		6FFFA15F1ADD4FDE003283F9 /* Sources */ = {
			isa = PBXSourcesBuildPhase;
			buildActionMask = 2147483647;
			files = (
				6FFFA16A1ADD4FDE003283F9 /* CidadeDormeTests.swift in Sources */,
			);
			runOnlyForDeploymentPostprocessing = 0;
		};
/* End PBXSourcesBuildPhase section */

/* Begin PBXTargetDependency section */
		6FFFA1651ADD4FDE003283F9 /* PBXTargetDependency */ = {
			isa = PBXTargetDependency;
			target = 6FFFA1491ADD4FDE003283F9 /* CidadeDorme */;
			targetProxy = 6FFFA1641ADD4FDE003283F9 /* PBXContainerItemProxy */;
		};
/* End PBXTargetDependency section */

/* Begin PBXVariantGroup section */
		6FFFA1571ADD4FDE003283F9 /* Main.storyboard */ = {
			isa = PBXVariantGroup;
			children = (
				6FFFA1581ADD4FDE003283F9 /* Base */,
			);
			name = Main.storyboard;
			sourceTree = "<group>";
		};
		6FFFA15C1ADD4FDE003283F9 /* LaunchScreen.xib */ = {
			isa = PBXVariantGroup;
			children = (
				6FFFA15D1ADD4FDE003283F9 /* Base */,
			);
			name = LaunchScreen.xib;
			sourceTree = "<group>";
		};
/* End PBXVariantGroup section */

/* Begin XCBuildConfiguration section */
		6FFFA16B1ADD4FDE003283F9 /* Debug */ = {
			isa = XCBuildConfiguration;
			buildSettings = {
				ALWAYS_SEARCH_USER_PATHS = NO;
				CLANG_CXX_LANGUAGE_STANDARD = "gnu++0x";
				CLANG_CXX_LIBRARY = "libc++";
				CLANG_ENABLE_MODULES = YES;
				CLANG_ENABLE_OBJC_ARC = YES;
				CLANG_WARN_BOOL_CONVERSION = YES;
				CLANG_WARN_CONSTANT_CONVERSION = YES;
				CLANG_WARN_DIRECT_OBJC_ISA_USAGE = YES_ERROR;
				CLANG_WARN_EMPTY_BODY = YES;
				CLANG_WARN_ENUM_CONVERSION = YES;
				CLANG_WARN_INT_CONVERSION = YES;
				CLANG_WARN_OBJC_ROOT_CLASS = YES_ERROR;
				CLANG_WARN_UNREACHABLE_CODE = YES;
				CLANG_WARN__DUPLICATE_METHOD_MATCH = YES;
				"CODE_SIGN_IDENTITY[sdk=iphoneos*]" = "iPhone Developer";
				COPY_PHASE_STRIP = NO;
				DEBUG_INFORMATION_FORMAT = "dwarf-with-dsym";
				ENABLE_STRICT_OBJC_MSGSEND = YES;
				GCC_C_LANGUAGE_STANDARD = gnu99;
				GCC_DYNAMIC_NO_PIC = NO;
				GCC_NO_COMMON_BLOCKS = YES;
				GCC_OPTIMIZATION_LEVEL = 0;
				GCC_PREPROCESSOR_DEFINITIONS = (
					"DEBUG=1",
					"$(inherited)",
				);
				GCC_SYMBOLS_PRIVATE_EXTERN = NO;
				GCC_WARN_64_TO_32_BIT_CONVERSION = YES;
				GCC_WARN_ABOUT_RETURN_TYPE = YES_ERROR;
				GCC_WARN_UNDECLARED_SELECTOR = YES;
				GCC_WARN_UNINITIALIZED_AUTOS = YES_AGGRESSIVE;
				GCC_WARN_UNUSED_FUNCTION = YES;
				GCC_WARN_UNUSED_VARIABLE = YES;
				IPHONEOS_DEPLOYMENT_TARGET = 8.3;
				MTL_ENABLE_DEBUG_INFO = YES;
				ONLY_ACTIVE_ARCH = YES;
				SDKROOT = iphoneos;
				SWIFT_OPTIMIZATION_LEVEL = "-Onone";
			};
			name = Debug;
		};
		6FFFA16C1ADD4FDE003283F9 /* Release */ = {
			isa = XCBuildConfiguration;
			buildSettings = {
				ALWAYS_SEARCH_USER_PATHS = NO;
				CLANG_CXX_LANGUAGE_STANDARD = "gnu++0x";
				CLANG_CXX_LIBRARY = "libc++";
				CLANG_ENABLE_MODULES = YES;
				CLANG_ENABLE_OBJC_ARC = YES;
				CLANG_WARN_BOOL_CONVERSION = YES;
				CLANG_WARN_CONSTANT_CONVERSION = YES;
				CLANG_WARN_DIRECT_OBJC_ISA_USAGE = YES_ERROR;
				CLANG_WARN_EMPTY_BODY = YES;
				CLANG_WARN_ENUM_CONVERSION = YES;
				CLANG_WARN_INT_CONVERSION = YES;
				CLANG_WARN_OBJC_ROOT_CLASS = YES_ERROR;
				CLANG_WARN_UNREACHABLE_CODE = YES;
				CLANG_WARN__DUPLICATE_METHOD_MATCH = YES;
				"CODE_SIGN_IDENTITY[sdk=iphoneos*]" = "iPhone Developer";
				COPY_PHASE_STRIP = NO;
				DEBUG_INFORMATION_FORMAT = "dwarf-with-dsym";
				ENABLE_NS_ASSERTIONS = NO;
				ENABLE_STRICT_OBJC_MSGSEND = YES;
				GCC_C_LANGUAGE_STANDARD = gnu99;
				GCC_NO_COMMON_BLOCKS = YES;
				GCC_WARN_64_TO_32_BIT_CONVERSION = YES;
				GCC_WARN_ABOUT_RETURN_TYPE = YES_ERROR;
				GCC_WARN_UNDECLARED_SELECTOR = YES;
				GCC_WARN_UNINITIALIZED_AUTOS = YES_AGGRESSIVE;
				GCC_WARN_UNUSED_FUNCTION = YES;
				GCC_WARN_UNUSED_VARIABLE = YES;
				IPHONEOS_DEPLOYMENT_TARGET = 8.3;
				MTL_ENABLE_DEBUG_INFO = NO;
				SDKROOT = iphoneos;
				VALIDATE_PRODUCT = YES;
			};
			name = Release;
		};
		6FFFA16E1ADD4FDE003283F9 /* Debug */ = {
			isa = XCBuildConfiguration;
			buildSettings = {
				ASSETCATALOG_COMPILER_APPICON_NAME = AppIcon;
				INFOPLIST_FILE = CidadeDorme/Info.plist;
				LD_RUNPATH_SEARCH_PATHS = "$(inherited) @executable_path/Frameworks";
				PRODUCT_NAME = "$(TARGET_NAME)";
			};
			name = Debug;
		};
		6FFFA16F1ADD4FDE003283F9 /* Release */ = {
			isa = XCBuildConfiguration;
			buildSettings = {
				ASSETCATALOG_COMPILER_APPICON_NAME = AppIcon;
				INFOPLIST_FILE = CidadeDorme/Info.plist;
				LD_RUNPATH_SEARCH_PATHS = "$(inherited) @executable_path/Frameworks";
				PRODUCT_NAME = "$(TARGET_NAME)";
			};
			name = Release;
		};
		6FFFA1711ADD4FDE003283F9 /* Debug */ = {
			isa = XCBuildConfiguration;
			buildSettings = {
				BUNDLE_LOADER = "$(TEST_HOST)";
				FRAMEWORK_SEARCH_PATHS = (
					"$(SDKROOT)/Developer/Library/Frameworks",
					"$(inherited)",
				);
				GCC_PREPROCESSOR_DEFINITIONS = (
					"DEBUG=1",
					"$(inherited)",
				);
				INFOPLIST_FILE = CidadeDormeTests/Info.plist;
				LD_RUNPATH_SEARCH_PATHS = "$(inherited) @executable_path/Frameworks @loader_path/Frameworks";
				PRODUCT_NAME = "$(TARGET_NAME)";
				TEST_HOST = "$(BUILT_PRODUCTS_DIR)/CidadeDorme.app/CidadeDorme";
			};
			name = Debug;
		};
		6FFFA1721ADD4FDE003283F9 /* Release */ = {
			isa = XCBuildConfiguration;
			buildSettings = {
				BUNDLE_LOADER = "$(TEST_HOST)";
				FRAMEWORK_SEARCH_PATHS = (
					"$(SDKROOT)/Developer/Library/Frameworks",
					"$(inherited)",
				);
				INFOPLIST_FILE = CidadeDormeTests/Info.plist;
				LD_RUNPATH_SEARCH_PATHS = "$(inherited) @executable_path/Frameworks @loader_path/Frameworks";
				PRODUCT_NAME = "$(TARGET_NAME)";
				TEST_HOST = "$(BUILT_PRODUCTS_DIR)/CidadeDorme.app/CidadeDorme";
			};
			name = Release;
		};
/* End XCBuildConfiguration section */

/* Begin XCConfigurationList section */
		6FFFA1451ADD4FDE003283F9 /* Build configuration list for PBXProject "CidadeDorme" */ = {
			isa = XCConfigurationList;
			buildConfigurations = (
				6FFFA16B1ADD4FDE003283F9 /* Debug */,
				6FFFA16C1ADD4FDE003283F9 /* Release */,
			);
			defaultConfigurationIsVisible = 0;
			defaultConfigurationName = Release;
		};
		6FFFA16D1ADD4FDE003283F9 /* Build configuration list for PBXNativeTarget "CidadeDorme" */ = {
			isa = XCConfigurationList;
			buildConfigurations = (
				6FFFA16E1ADD4FDE003283F9 /* Debug */,
				6FFFA16F1ADD4FDE003283F9 /* Release */,
			);
			defaultConfigurationIsVisible = 0;
			defaultConfigurationName = Release;
		};
		6FFFA1701ADD4FDE003283F9 /* Build configuration list for PBXNativeTarget "CidadeDormeTests" */ = {
			isa = XCConfigurationList;
			buildConfigurations = (
				6FFFA1711ADD4FDE003283F9 /* Debug */,
				6FFFA1721ADD4FDE003283F9 /* Release */,
			);
			defaultConfigurationIsVisible = 0;
			defaultConfigurationName = Release;
		};
/* End XCConfigurationList section */
	};
	rootObject = 6FFFA1421ADD4FDE003283F9 /* Project object */;
}
